
Microsoft Visual Studio Solution File, Format Version 12.00
# Visual Studio Version 17
VisualStudioVersion = 17.14.36414.22
MinimumVisualStudioVersion = 10.0.40219.1
Project("{2150E333-8FDC-42A3-9474-1A3956D46DE8}") = "Task0", "Task0", "{02EA681E-C7D8-13C7-8484-4AC65E1B71E8}"
EndProject
Project("{FAE04EC0-301F-11D3-BF4B-00C04F79EFBC}") = "Tyuiu.KuchukIA.Sprint1.Task0.V23.Lib", "Tyuiu.KuchukIA.Sprint1.Task0.V23.Lib\Tyuiu.KuchukIA.Sprint1.Task0.V23.Lib.csproj", "{F257B5DC-5F22-4E32-877F-E1F123FE0118}"
EndProject
Project("{FAE04EC0-301F-11D3-BF4B-00C04F79EFBC}") = "Tyuiu.KuchukIA.Sprint1.Task0.V23.Test", "Tyuiu.KuchukIA.Sprint1.Task0.V23.Test\Tyuiu.KuchukIA.Sprint1.Task0.V23.Test.csproj", "{600EDBC2-0AC8-48B2-A3C1-A81ABD88A0DA}"
EndProject
Project("{FAE04EC0-301F-11D3-BF4B-00C04F79EFBC}") = "Tyuiu.KuchukIA.Sprint1.Task0.V23", "Tyuiu.KuchukIA.Sprint1.Task0.V23\Tyuiu.KuchukIA.Sprint1.Task0.V23.csproj", "{13899398-B714-4849-A986-FE0F7805BCCD}"
EndProject
Project("{2150E333-8FDC-42A3-9474-1A3956D46DE8}") = "Task1", "Task1", "{76FF3817-F66D-4B83-A9BB-858834553E47}"
EndProject
Project("{FAE04EC0-301F-11D3-BF4B-00C04F79EFBC}") = "Tyuiu.KuchukIA.Sprint1.Task1.V12", "Tyuiu.KuchukIA.Sprint1.Task1.V12\Tyuiu.KuchukIA.Sprint1.Task1.V12.csproj", "{E9E8C518-D8A8-48AD-BD48-EF78D71A8641}"
EndProject
Project("{FAE04EC0-301F-11D3-BF4B-00C04F79EFBC}") = "Tyuiu.KuchukIA.Sprint1.Task1.V12.Test", "Tyuiu.KuchukIA.Sprint1.Task1.V12.Test\Tyuiu.KuchukIA.Sprint1.Task1.V12.Test.csproj", "{56585BBB-C941-40FE-BDF2-A4C1B42D72DC}"
EndProject
Project("{FAE04EC0-301F-11D3-BF4B-00C04F79EFBC}") = "Tyuiu.KuchukIA.Sprint1.Task1.V12.Lib", "Tyuiu.KuchukIA.Sprint1.Task1.V12.Lib\Tyuiu.KuchukIA.Sprint1.Task1.V12.Lib.csproj", "{90B37E2D-1821-43DA-B73F-2408C5ED2178}"
EndProject
Project("{2150E333-8FDC-42A3-9474-1A3956D46DE8}") = "Task2", "Task2", "{3F58208A-46D3-4EBC-95D6-F16A25A0DCAD}"
EndProject
Project("{FAE04EC0-301F-11D3-BF4B-00C04F79EFBC}") = "Tyuiu.KuchukIA.Sprint1.Task2.V14", "Tyuiu.KuchukIA.Sprint1.Task2.V14\Tyuiu.KuchukIA.Sprint1.Task2.V14.csproj", "{4753CA73-A371-42F5-967D-0AD8B2A2465A}"
EndProject
Project("{FAE04EC0-301F-11D3-BF4B-00C04F79EFBC}") = "Tyuiu.KuchukIA.Sprint1.Task2.V14.Test", "Tyuiu.KuchukIA.Sprint1.Task2.V14.Test\Tyuiu.KuchukIA.Sprint1.Task2.V14.Test.csproj", "{87E0B7D3-DA73-48CB-9A20-A2DC7780B44E}"
EndProject
Project("{FAE04EC0-301F-11D3-BF4B-00C04F79EFBC}") = "Tyuiu.KuchukIA.Sprint1.Task2.V14.Lib", "Tyuiu.KuchukIA.Sprint1.Task2.V14.Lib\Tyuiu.KuchukIA.Sprint1.Task2.V14.Lib.csproj", "{73E31744-1445-43F1-8BAD-855F691D6BAA}"
EndProject
Project("{2150E333-8FDC-42A3-9474-1A3956D46DE8}") = "Task3", "Task3", "{898E05EF-811F-49AF-8B9E-13F2536D39EF}"
EndProject
Project("{FAE04EC0-301F-11D3-BF4B-00C04F79EFBC}") = "Tyuiu.KuchukIA.Sprint1.Task3.V12.Test", "Tyuiu.KuchukIA.Sprint1.Task3.V12.Test\Tyuiu.KuchukIA.Sprint1.Task3.V12.Test.csproj", "{6D22019D-3B0B-46D7-983F-7A9FEFC7F29D}"
EndProject
Project("{FAE04EC0-301F-11D3-BF4B-00C04F79EFBC}") = "Tyuiu.KuchukIA.Sprint1.Task3.V12.Lib", "Tyuiu.KuchukIA.Sprint1.Task3.V12.Lib\Tyuiu.KuchukIA.Sprint1.Task3.V12.Lib.csproj", "{8F417A25-8534-44B9-B6D5-3DF54FE63CA0}"
EndProject
Project("{FAE04EC0-301F-11D3-BF4B-00C04F79EFBC}") = "Tyuiu.KuchukIA.Sprint1.Task3.V12", "Tyuiu.KuchukIA.Sprint1.Task3.V12\Tyuiu.KuchukIA.Sprint1.Task3.V12.csproj", "{0DB54231-8816-4D19-A375-F9D298F988E3}"
EndProject
Project("{2150E333-8FDC-42A3-9474-1A3956D46DE8}") = "Task4", "Task4", "{5296E0E0-9521-4857-A678-2EC6EBE876DB}"
EndProject
Project("{FAE04EC0-301F-11D3-BF4B-00C04F79EFBC}") = "Tyuiu.KuchukIA.Sprint1.Task4.V1.Test", "Tyuiu.KuchukIA.Sprint1.Task4.V1.Test\Tyuiu.KuchukIA.Sprint1.Task4.V1.Test.csproj", "{36CA6F32-23BD-4E89-A25B-8E67AA6C1F0C}"
EndProject
Project("{FAE04EC0-301F-11D3-BF4B-00C04F79EFBC}") = "Tyuiu.KuchukIA.Sprint1.Task4.V1.Lib", "Tyuiu.KuchukIA.Sprint1.Task4.V1.Lib\Tyuiu.KuchukIA.Sprint1.Task4.V1.Lib.csproj", "{7C73B668-3ACF-406E-9376-3D4818CEAF9F}"
EndProject
Project("{FAE04EC0-301F-11D3-BF4B-00C04F79EFBC}") = "Tyuiu.KuchukIA.Sprint1.Task4.V1", "Tyuiu.KuchukIA.Sprint1.Task4.V1\Tyuiu.KuchukIA.Sprint1.Task4.V1.csproj", "{66F9177E-1FCD-4595-8D51-2530A4F5A1F7}"
EndProject
Project("{2150E333-8FDC-42A3-9474-1A3956D46DE8}") = "Task5", "Task5", "{2953179E-B49B-4B26-8287-070CC6A3CDB6}"
EndProject
Project("{FAE04EC0-301F-11D3-BF4B-00C04F79EFBC}") = "Tyuiu.KuchukIA.Sprint1.Task5.V7.Test", "Tyuiu.KuchukIA.Sprint1.Task5.V7.Test\Tyuiu.KuchukIA.Sprint1.Task5.V7.Test.csproj", "{D4C5660C-ACF0-4EC4-8F85-ED7DD52C4E46}"
EndProject
Project("{FAE04EC0-301F-11D3-BF4B-00C04F79EFBC}") = "Tyuiu.KuchukIA.Sprint1.Task5.V7.Lib", "Tyuiu.KuchukIA.Sprint1.Task5.V7.Lib\Tyuiu.KuchukIA.Sprint1.Task5.V7.Lib.csproj", "{42551D49-DFED-4F5A-8E3D-009ED40B767A}"
EndProject
Project("{FAE04EC0-301F-11D3-BF4B-00C04F79EFBC}") = "Tyuiu.KuchukIA.Sprint1.Task5.V7", "Tyuiu.KuchukIA.Sprint1.Task5.V7\Tyuiu.KuchukIA.Sprint1.Task5.V7.csproj", "{ABD1E035-9EBE-4753-B12D-DE801DE8EBA3}"
EndProject
Global
	GlobalSection(SolutionConfigurationPlatforms) = preSolution
		Debug|Any CPU = Debug|Any CPU
		Release|Any CPU = Release|Any CPU
	EndGlobalSection
	GlobalSection(ProjectConfigurationPlatforms) = postSolution
		{F257B5DC-5F22-4E32-877F-E1F123FE0118}.Debug|Any CPU.ActiveCfg = Debug|Any CPU
		{F257B5DC-5F22-4E32-877F-E1F123FE0118}.Debug|Any CPU.Build.0 = Debug|Any CPU
		{F257B5DC-5F22-4E32-877F-E1F123FE0118}.Release|Any CPU.ActiveCfg = Release|Any CPU
		{F257B5DC-5F22-4E32-877F-E1F123FE0118}.Release|Any CPU.Build.0 = Release|Any CPU
		{600EDBC2-0AC8-48B2-A3C1-A81ABD88A0DA}.Debug|Any CPU.ActiveCfg = Debug|Any CPU
		{600EDBC2-0AC8-48B2-A3C1-A81ABD88A0DA}.Debug|Any CPU.Build.0 = Debug|Any CPU
		{600EDBC2-0AC8-48B2-A3C1-A81ABD88A0DA}.Release|Any CPU.ActiveCfg = Release|Any CPU
		{600EDBC2-0AC8-48B2-A3C1-A81ABD88A0DA}.Release|Any CPU.Build.0 = Release|Any CPU
		{13899398-B714-4849-A986-FE0F7805BCCD}.Debug|Any CPU.ActiveCfg = Debug|Any CPU
		{13899398-B714-4849-A986-FE0F7805BCCD}.Debug|Any CPU.Build.0 = Debug|Any CPU
		{13899398-B714-4849-A986-FE0F7805BCCD}.Release|Any CPU.ActiveCfg = Release|Any CPU
		{13899398-B714-4849-A986-FE0F7805BCCD}.Release|Any CPU.Build.0 = Release|Any CPU
		{E9E8C518-D8A8-48AD-BD48-EF78D71A8641}.Debug|Any CPU.ActiveCfg = Debug|Any CPU
		{E9E8C518-D8A8-48AD-BD48-EF78D71A8641}.Debug|Any CPU.Build.0 = Debug|Any CPU
		{E9E8C518-D8A8-48AD-BD48-EF78D71A8641}.Release|Any CPU.ActiveCfg = Release|Any CPU
		{E9E8C518-D8A8-48AD-BD48-EF78D71A8641}.Release|Any CPU.Build.0 = Release|Any CPU
		{56585BBB-C941-40FE-BDF2-A4C1B42D72DC}.Debug|Any CPU.ActiveCfg = Debug|Any CPU
		{56585BBB-C941-40FE-BDF2-A4C1B42D72DC}.Debug|Any CPU.Build.0 = Debug|Any CPU
		{56585BBB-C941-40FE-BDF2-A4C1B42D72DC}.Release|Any CPU.ActiveCfg = Release|Any CPU
		{56585BBB-C941-40FE-BDF2-A4C1B42D72DC}.Release|Any CPU.Build.0 = Release|Any CPU
		{90B37E2D-1821-43DA-B73F-2408C5ED2178}.Debug|Any CPU.ActiveCfg = Debug|Any CPU
		{90B37E2D-1821-43DA-B73F-2408C5ED2178}.Debug|Any CPU.Build.0 = Debug|Any CPU
		{90B37E2D-1821-43DA-B73F-2408C5ED2178}.Release|Any CPU.ActiveCfg = Release|Any CPU
		{90B37E2D-1821-43DA-B73F-2408C5ED2178}.Release|Any CPU.Build.0 = Release|Any CPU
		{4753CA73-A371-42F5-967D-0AD8B2A2465A}.Debug|Any CPU.ActiveCfg = Debug|Any CPU
		{4753CA73-A371-42F5-967D-0AD8B2A2465A}.Debug|Any CPU.Build.0 = Debug|Any CPU
		{4753CA73-A371-42F5-967D-0AD8B2A2465A}.Release|Any CPU.ActiveCfg = Release|Any CPU
		{4753CA73-A371-42F5-967D-0AD8B2A2465A}.Release|Any CPU.Build.0 = Release|Any CPU
		{87E0B7D3-DA73-48CB-9A20-A2DC7780B44E}.Debug|Any CPU.ActiveCfg = Debug|Any CPU
		{87E0B7D3-DA73-48CB-9A20-A2DC7780B44E}.Debug|Any CPU.Build.0 = Debug|Any CPU
		{87E0B7D3-DA73-48CB-9A20-A2DC7780B44E}.Release|Any CPU.ActiveCfg = Release|Any CPU
		{87E0B7D3-DA73-48CB-9A20-A2DC7780B44E}.Release|Any CPU.Build.0 = Release|Any CPU
		{73E31744-1445-43F1-8BAD-855F691D6BAA}.Debug|Any CPU.ActiveCfg = Debug|Any CPU
		{73E31744-1445-43F1-8BAD-855F691D6BAA}.Debug|Any CPU.Build.0 = Debug|Any CPU
		{73E31744-1445-43F1-8BAD-855F691D6BAA}.Release|Any CPU.ActiveCfg = Release|Any CPU
		{73E31744-1445-43F1-8BAD-855F691D6BAA}.Release|Any CPU.Build.0 = Release|Any CPU
		{6D22019D-3B0B-46D7-983F-7A9FEFC7F29D}.Debug|Any CPU.ActiveCfg = Debug|Any CPU
		{6D22019D-3B0B-46D7-983F-7A9FEFC7F29D}.Debug|Any CPU.Build.0 = Debug|Any CPU
		{6D22019D-3B0B-46D7-983F-7A9FEFC7F29D}.Release|Any CPU.ActiveCfg = Release|Any CPU
		{6D22019D-3B0B-46D7-983F-7A9FEFC7F29D}.Release|Any CPU.Build.0 = Release|Any CPU
		{8F417A25-8534-44B9-B6D5-3DF54FE63CA0}.Debug|Any CPU.ActiveCfg = Debug|Any CPU
		{8F417A25-8534-44B9-B6D5-3DF54FE63CA0}.Debug|Any CPU.Build.0 = Debug|Any CPU
		{8F417A25-8534-44B9-B6D5-3DF54FE63CA0}.Release|Any CPU.ActiveCfg = Release|Any CPU
		{8F417A25-8534-44B9-B6D5-3DF54FE63CA0}.Release|Any CPU.Build.0 = Release|Any CPU
		{0DB54231-8816-4D19-A375-F9D298F988E3}.Debug|Any CPU.ActiveCfg = Debug|Any CPU
		{0DB54231-8816-4D19-A375-F9D298F988E3}.Debug|Any CPU.Build.0 = Debug|Any CPU
		{0DB54231-8816-4D19-A375-F9D298F988E3}.Release|Any CPU.ActiveCfg = Release|Any CPU
		{0DB54231-8816-4D19-A375-F9D298F988E3}.Release|Any CPU.Build.0 = Release|Any CPU
		{36CA6F32-23BD-4E89-A25B-8E67AA6C1F0C}.Debug|Any CPU.ActiveCfg = Debug|Any CPU
		{36CA6F32-23BD-4E89-A25B-8E67AA6C1F0C}.Debug|Any CPU.Build.0 = Debug|Any CPU
		{36CA6F32-23BD-4E89-A25B-8E67AA6C1F0C}.Release|Any CPU.ActiveCfg = Release|Any CPU
		{36CA6F32-23BD-4E89-A25B-8E67AA6C1F0C}.Release|Any CPU.Build.0 = Release|Any CPU
		{7C73B668-3ACF-406E-9376-3D4818CEAF9F}.Debug|Any CPU.ActiveCfg = Debug|Any CPU
		{7C73B668-3ACF-406E-9376-3D4818CEAF9F}.Debug|Any CPU.Build.0 = Debug|Any CPU
		{7C73B668-3ACF-406E-9376-3D4818CEAF9F}.Release|Any CPU.ActiveCfg = Release|Any CPU
		{7C73B668-3ACF-406E-9376-3D4818CEAF9F}.Release|Any CPU.Build.0 = Release|Any CPU
		{66F9177E-1FCD-4595-8D51-2530A4F5A1F7}.Debug|Any CPU.ActiveCfg = Debug|Any CPU
		{66F9177E-1FCD-4595-8D51-2530A4F5A1F7}.Debug|Any CPU.Build.0 = Debug|Any CPU
		{66F9177E-1FCD-4595-8D51-2530A4F5A1F7}.Release|Any CPU.ActiveCfg = Release|Any CPU
		{66F9177E-1FCD-4595-8D51-2530A4F5A1F7}.Release|Any CPU.Build.0 = Release|Any CPU
		{D4C5660C-ACF0-4EC4-8F85-ED7DD52C4E46}.Debug|Any CPU.ActiveCfg = Debug|Any CPU
		{D4C5660C-ACF0-4EC4-8F85-ED7DD52C4E46}.Debug|Any CPU.Build.0 = Debug|Any CPU
		{D4C5660C-ACF0-4EC4-8F85-ED7DD52C4E46}.Release|Any CPU.ActiveCfg = Release|Any CPU
		{D4C5660C-ACF0-4EC4-8F85-ED7DD52C4E46}.Release|Any CPU.Build.0 = Release|Any CPU
		{42551D49-DFED-4F5A-8E3D-009ED40B767A}.Debug|Any CPU.ActiveCfg = Debug|Any CPU
		{42551D49-DFED-4F5A-8E3D-009ED40B767A}.Debug|Any CPU.Build.0 = Debug|Any CPU
		{42551D49-DFED-4F5A-8E3D-009ED40B767A}.Release|Any CPU.ActiveCfg = Release|Any CPU
		{42551D49-DFED-4F5A-8E3D-009ED40B767A}.Release|Any CPU.Build.0 = Release|Any CPU
		{ABD1E035-9EBE-4753-B12D-DE801DE8EBA3}.Debug|Any CPU.ActiveCfg = Debug|Any CPU
		{ABD1E035-9EBE-4753-B12D-DE801DE8EBA3}.Debug|Any CPU.Build.0 = Debug|Any CPU
		{ABD1E035-9EBE-4753-B12D-DE801DE8EBA3}.Release|Any CPU.ActiveCfg = Release|Any CPU
		{ABD1E035-9EBE-4753-B12D-DE801DE8EBA3}.Release|Any CPU.Build.0 = Release|Any CPU
	EndGlobalSection
	GlobalSection(SolutionProperties) = preSolution
		HideSolutionNode = FALSE
	EndGlobalSection
	GlobalSection(NestedProjects) = preSolution
		{F257B5DC-5F22-4E32-877F-E1F123FE0118} = {02EA681E-C7D8-13C7-8484-4AC65E1B71E8}
		{600EDBC2-0AC8-48B2-A3C1-A81ABD88A0DA} = {02EA681E-C7D8-13C7-8484-4AC65E1B71E8}
		{13899398-B714-4849-A986-FE0F7805BCCD} = {02EA681E-C7D8-13C7-8484-4AC65E1B71E8}
		{E9E8C518-D8A8-48AD-BD48-EF78D71A8641} = {76FF3817-F66D-4B83-A9BB-858834553E47}
		{56585BBB-C941-40FE-BDF2-A4C1B42D72DC} = {76FF3817-F66D-4B83-A9BB-858834553E47}
		{90B37E2D-1821-43DA-B73F-2408C5ED2178} = {76FF3817-F66D-4B83-A9BB-858834553E47}
		{4753CA73-A371-42F5-967D-0AD8B2A2465A} = {3F58208A-46D3-4EBC-95D6-F16A25A0DCAD}
		{87E0B7D3-DA73-48CB-9A20-A2DC7780B44E} = {3F58208A-46D3-4EBC-95D6-F16A25A0DCAD}
		{73E31744-1445-43F1-8BAD-855F691D6BAA} = {3F58208A-46D3-4EBC-95D6-F16A25A0DCAD}
		{6D22019D-3B0B-46D7-983F-7A9FEFC7F29D} = {898E05EF-811F-49AF-8B9E-13F2536D39EF}
		{8F417A25-8534-44B9-B6D5-3DF54FE63CA0} = {898E05EF-811F-49AF-8B9E-13F2536D39EF}
		{0DB54231-8816-4D19-A375-F9D298F988E3} = {898E05EF-811F-49AF-8B9E-13F2536D39EF}
		{36CA6F32-23BD-4E89-A25B-8E67AA6C1F0C} = {5296E0E0-9521-4857-A678-2EC6EBE876DB}
		{7C73B668-3ACF-406E-9376-3D4818CEAF9F} = {5296E0E0-9521-4857-A678-2EC6EBE876DB}
		{66F9177E-1FCD-4595-8D51-2530A4F5A1F7} = {5296E0E0-9521-4857-A678-2EC6EBE876DB}
		{D4C5660C-ACF0-4EC4-8F85-ED7DD52C4E46} = {2953179E-B49B-4B26-8287-070CC6A3CDB6}
		{42551D49-DFED-4F5A-8E3D-009ED40B767A} = {2953179E-B49B-4B26-8287-070CC6A3CDB6}
		{ABD1E035-9EBE-4753-B12D-DE801DE8EBA3} = {2953179E-B49B-4B26-8287-070CC6A3CDB6}
	EndGlobalSection
	GlobalSection(ExtensibilityGlobals) = postSolution
		SolutionGuid = {938FAD54-09E4-425C-8DBB-6A54C1123C98}
	EndGlobalSection
EndGlobal
